// !$*UTF8*$!
{
	archiveVersion = 1;
	classes = {
	};
	objectVersion = 77;
	objects = {

/* Begin PBXBuildFile section */
		8A63C7C32F0A886B004ECAFB /* JournalManager.swift in Sources */ = {isa = PBXBuildFile; fileRef = 8A63C7C22F0A8869004ECAFB /* JournalManager.swift */; };
		8A996FE62F0A801F00FD7A11 /* JournalEntry.swift in Sources */ = {isa = PBXBuildFile; fileRef = 8A996FE52F0A801F00FD7A11 /* JournalEntry.swift */; };
		8A996FED2F0A803700FD7A11 /* journalApp.swift in Sources */ = {isa = PBXBuildFile; fileRef = 8A996FEA2F0A803700FD7A11 /* journalApp.swift */; };
		8A996FEE2F0A803700FD7A11 /* ContentView.swift in Sources */ = {isa = PBXBuildFile; fileRef = 8A996FE82F0A803700FD7A11 /* ContentView.swift */; };
		8A996FEF2F0A803700FD7A11 /* Assets.xcassets in Resources */ = {isa = PBXBuildFile; fileRef = 8A996FE72F0A803700FD7A11 /* Assets.xcassets */; };
		8A996FF12F0A80CA00FD7A11 /* RichTextEditor.swift in Sources */ = {isa = PBXBuildFile; fileRef = 8A996FF02F0A80C500FD7A11 /* RichTextEditor.swift */; };
		8A996FF32F0A80DB00FD7A11 /* FormattingToolbar.swift in Sources */ = {isa = PBXBuildFile; fileRef = 8A996FF22F0A80D500FD7A11 /* FormattingToolbar.swift */; };
		8A996FF72F0A818100FD7A11 /* EditEntryView.swift in Sources */ = {isa = PBXBuildFile; fileRef = 8A996FF62F0A817D00FD7A11 /* EditEntryView.swift */; };
		8A996FFB2F0A85AB00FD7A11 /* Mood.swift in Sources */ = {isa = PBXBuildFile; fileRef = 8A996FFA2F0A85A900FD7A11 /* Mood.swift */; };
		8AC5D0A72F0A647A0093860E /* EntryListView.swift in Sources */ = {isa = PBXBuildFile; fileRef = 8AC5D0A62F0A647A0093860E /* EntryListView.swift */; };
		8AC5D0A92F0A649D0093860E /* AddEntryView.swift in Sources */ = {isa = PBXBuildFile; fileRef = 8AC5D0A82F0A649D0093860E /* AddEntryView.swift */; };
/* End PBXBuildFile section */

/* Begin PBXFileReference section */
		8A5ECA502F0A625F0022B6F9 /* journal.app */ = {isa = PBXFileReference; explicitFileType = wrapper.application; includeInIndex = 0; path = journal.app; sourceTree = BUILT_PRODUCTS_DIR; };
		8A63C7C22F0A8869004ECAFB /* JournalManager.swift */ = {isa = PBXFileReference; lastKnownFileType = sourcecode.swift; path = JournalManager.swift; sourceTree = "<group>"; };
		8A996FE52F0A801F00FD7A11 /* JournalEntry.swift */ = {isa = PBXFileReference; lastKnownFileType = sourcecode.swift; path = JournalEntry.swift; sourceTree = "<group>"; };
		8A996FE72F0A803700FD7A11 /* Assets.xcassets */ = {isa = PBXFileReference; lastKnownFileType = folder.assetcatalog; path = Assets.xcassets; sourceTree = "<group>"; };
		8A996FE82F0A803700FD7A11 /* ContentView.swift */ = {isa = PBXFileReference; lastKnownFileType = sourcecode.swift; path = ContentView.swift; sourceTree = "<group>"; };
		8A996FE92F0A803700FD7A11 /* journal.xcodeproj */ = {isa = PBXFileReference; lastKnownFileType = "wrapper.pb-project"; path = journal.xcodeproj; sourceTree = "<group>"; };
		8A996FEA2F0A803700FD7A11 /* journalApp.swift */ = {isa = PBXFileReference; lastKnownFileType = sourcecode.swift; path = journalApp.swift; sourceTree = "<group>"; };
		8A996FF02F0A80C500FD7A11 /* RichTextEditor.swift */ = {isa = PBXFileReference; lastKnownFileType = sourcecode.swift; path = RichTextEditor.swift; sourceTree = "<group>"; };
		8A996FF22F0A80D500FD7A11 /* FormattingToolbar.swift */ = {isa = PBXFileReference; lastKnownFileType = sourcecode.swift; path = FormattingToolbar.swift; sourceTree = "<group>"; };
		8A996FF62F0A817D00FD7A11 /* EditEntryView.swift */ = {isa = PBXFileReference; lastKnownFileType = sourcecode.swift; path = EditEntryView.swift; sourceTree = "<group>"; };
		8A996FFA2F0A85A900FD7A11 /* Mood.swift */ = {isa = PBXFileReference; lastKnownFileType = sourcecode.swift; path = Mood.swift; sourceTree = "<group>"; };
		8AC5D0A62F0A647A0093860E /* EntryListView.swift */ = {isa = PBXFileReference; lastKnownFileType = sourcecode.swift; path = EntryListView.swift; sourceTree = "<group>"; };
		8AC5D0A82F0A649D0093860E /* AddEntryView.swift */ = {isa = PBXFileReference; lastKnownFileType = sourcecode.swift; path = AddEntryView.swift; sourceTree = "<group>"; };
/* End PBXFileReference section */

/* Begin PBXFileSystemSynchronizedRootGroup section */
		8A5ECA522F0A625F0022B6F9 /* journal */ = {
			isa = PBXFileSystemSynchronizedRootGroup;
			path = journal;
			sourceTree = "<group>";
		};
/* End PBXFileSystemSynchronizedRootGroup section */

/* Begin PBXFrameworksBuildPhase section */
		8A5ECA4D2F0A625F0022B6F9 /* Frameworks */ = {
			isa = PBXFrameworksBuildPhase;
			buildActionMask = 2147483647;
			files = (
			);
			runOnlyForDeploymentPostprocessing = 0;
		};
/* End PBXFrameworksBuildPhase section */

/* Begin PBXGroup section */
		8A5ECA472F0A625F0022B6F9 = {
			isa = PBXGroup;
			children = (
				8A63C7C22F0A8869004ECAFB /* JournalManager.swift */,
				8A996FFA2F0A85A900FD7A11 /* Mood.swift */,
				8A996FF62F0A817D00FD7A11 /* EditEntryView.swift */,
				8A996FF22F0A80D500FD7A11 /* FormattingToolbar.swift */,
				8A996FF02F0A80C500FD7A11 /* RichTextEditor.swift */,
				8A996FE72F0A803700FD7A11 /* Assets.xcassets */,
				8A996FE82F0A803700FD7A11 /* ContentView.swift */,
				8A996FE92F0A803700FD7A11 /* journal.xcodeproj */,
				8A996FEA2F0A803700FD7A11 /* journalApp.swift */,
				8A996FE52F0A801F00FD7A11 /* JournalEntry.swift */,
				8AC5D0A62F0A647A0093860E /* EntryListView.swift */,
				8AC5D0A82F0A649D0093860E /* AddEntryView.swift */,
				8A5ECA522F0A625F0022B6F9 /* journal */,
				8A5ECA512F0A625F0022B6F9 /* Products */,
			);
			sourceTree = "<group>";
		};
		8A5ECA512F0A625F0022B6F9 /* Products */ = {
			isa = PBXGroup;
			children = (
				8A5ECA502F0A625F0022B6F9 /* journal.app */,
			);
			name = Products;
			sourceTree = "<group>";
		};
		8A996FEB2F0A803700FD7A11 /* Products */ = {
			isa = PBXGroup;
			name = Products;
			sourceTree = "<group>";
		};
/* End PBXGroup section */

/* Begin PBXNativeTarget section */
		8A5ECA4F2F0A625F0022B6F9 /* journal */ = {
			isa = PBXNativeTarget;
			buildConfigurationList = 8A5ECA5B2F0A62600022B6F9 /* Build configuration list for PBXNativeTarget "journal" */;
			buildPhases = (
				8A5ECA4C2F0A625F0022B6F9 /* Sources */,
				8A5ECA4D2F0A625F0022B6F9 /* Frameworks */,
				8A5ECA4E2F0A625F0022B6F9 /* Resources */,
			);
			buildRules = (
			);
			dependencies = (
			);
			fileSystemSynchronizedGroups = (
				8A5ECA522F0A625F0022B6F9 /* journal */,
			);
			name = journal;
			packageProductDependencies = (
			);
			productName = journal;
			productReference = 8A5ECA502F0A625F0022B6F9 /* journal.app */;
			productType = "com.apple.product-type.application";
		};
/* End PBXNativeTarget section */

/* Begin PBXProject section */
		8A5ECA482F0A625F0022B6F9 /* Project object */ = {
			isa = PBXProject;
			attributes = {
				BuildIndependentTargetsInParallel = 1;
				LastSwiftUpdateCheck = 2620;
				LastUpgradeCheck = 2620;
				TargetAttributes = {
					8A5ECA4F2F0A625F0022B6F9 = {
						CreatedOnToolsVersion = 26.2;
					};
				};
			};
			buildConfigurationList = 8A5ECA4B2F0A625F0022B6F9 /* Build configuration list for PBXProject "journal" */;
			developmentRegion = en;
			hasScannedForEncodings = 0;
			knownRegions = (
				en,
				Base,
			);
			mainGroup = 8A5ECA472F0A625F0022B6F9;
			minimizedProjectReferenceProxies = 1;
			preferredProjectObjectVersion = 77;
			productRefGroup = 8A5ECA512F0A625F0022B6F9 /* Products */;
			projectDirPath = "";
			projectReferences = (
				{
					ProductGroup = 8A996FEB2F0A803700FD7A11 /* Products */;
					ProjectRef = 8A996FE92F0A803700FD7A11 /* journal.xcodeproj */;
				},
			);
			projectRoot = "";
			targets = (
				8A5ECA4F2F0A625F0022B6F9 /* journal */,
			);
		};
/* End PBXProject section */

/* Begin PBXResourcesBuildPhase section */
		8A5ECA4E2F0A625F0022B6F9 /* Resources */ = {
			isa = PBXResourcesBuildPhase;
			buildActionMask = 2147483647;
			files = (
				8A996FEF2F0A803700FD7A11 /* Assets.xcassets in Resources */,
			);
			runOnlyForDeploymentPostprocessing = 0;
		};
/* End PBXResourcesBuildPhase section */

/* Begin PBXSourcesBuildPhase section */
		8A5ECA4C2F0A625F0022B6F9 /* Sources */ = {
			isa = PBXSourcesBuildPhase;
			buildActionMask = 2147483647;
			files = (
				8A996FF72F0A818100FD7A11 /* EditEntryView.swift in Sources */,
				8A996FF12F0A80CA00FD7A11 /* RichTextEditor.swift in Sources */,
				8A63C7C32F0A886B004ECAFB /* JournalManager.swift in Sources */,
				8A996FFB2F0A85AB00FD7A11 /* Mood.swift in Sources */,
				8A996FF32F0A80DB00FD7A11 /* FormattingToolbar.swift in Sources */,
				8A996FE62F0A801F00FD7A11 /* JournalEntry.swift in Sources */,
				8AC5D0A92F0A649D0093860E /* AddEntryView.swift in Sources */,
				8AC5D0A72F0A647A0093860E /* EntryListView.swift in Sources */,
				8A996FED2F0A803700FD7A11 /* journalApp.swift in Sources */,
				8A996FEE2F0A803700FD7A11 /* ContentView.swift in Sources */,
			);
			runOnlyForDeploymentPostprocessing = 0;
		};
/* End PBXSourcesBuildPhase section */

/* Begin XCBuildConfiguration section */
		8A5ECA592F0A62600022B6F9 /* Debug */ = {
			isa = XCBuildConfiguration;
			buildSettings = {
				ALWAYS_SEARCH_USER_PATHS = NO;
				ASSETCATALOG_COMPILER_GENERATE_SWIFT_ASSET_SYMBOL_EXTENSIONS = YES;
				CLANG_ANALYZER_NONNULL = YES;
				CLANG_ANALYZER_NUMBER_OBJECT_CONVERSION = YES_AGGRESSIVE;
				CLANG_CXX_LANGUAGE_STANDARD = "gnu++20";
				CLANG_ENABLE_MODULES = YES;
				CLANG_ENABLE_OBJC_ARC = YES;
				CLANG_ENABLE_OBJC_WEAK = YES;
				CLANG_WARN_BLOCK_CAPTURE_AUTORELEASING = YES;
				CLANG_WARN_BOOL_CONVERSION = YES;
				CLANG_WARN_COMMA = YES;
				CLANG_WARN_CONSTANT_CONVERSION = YES;
				CLANG_WARN_DEPRECATED_OBJC_IMPLEMENTATIONS = YES;
				CLANG_WARN_DIRECT_OBJC_ISA_USAGE = YES_ERROR;
				CLANG_WARN_DOCUMENTATION_COMMENTS = YES;
				CLANG_WARN_EMPTY_BODY = YES;
				CLANG_WARN_ENUM_CONVERSION = YES;
				CLANG_WARN_INFINITE_RECURSION = YES;
				CLANG_WARN_INT_CONVERSION = YES;
				CLANG_WARN_NON_LITERAL_NULL_CONVERSION = YES;
				CLANG_WARN_OBJC_IMPLICIT_RETAIN_SELF = YES;
				CLANG_WARN_OBJC_LITERAL_CONVERSION = YES;
				CLANG_WARN_OBJC_ROOT_CLASS = YES_ERROR;
				CLANG_WARN_QUOTED_INCLUDE_IN_FRAMEWORK_HEADER = YES;
				CLANG_WARN_RANGE_LOOP_ANALYSIS = YES;
				CLANG_WARN_STRICT_PROTOTYPES = YES;
				CLANG_WARN_SUSPICIOUS_MOVE = YES;
				CLANG_WARN_UNGUARDED_AVAILABILITY = YES_AGGRESSIVE;
				CLANG_WARN_UNREACHABLE_CODE = YES;
				CLANG_WARN__DUPLICATE_METHOD_MATCH = YES;
				COPY_PHASE_STRIP = NO;
				DEBUG_INFORMATION_FORMAT = dwarf;
				ENABLE_STRICT_OBJC_MSGSEND = YES;
				ENABLE_TESTABILITY = YES;
				ENABLE_USER_SCRIPT_SANDBOXING = YES;
				GCC_C_LANGUAGE_STANDARD = gnu17;
				GCC_DYNAMIC_NO_PIC = NO;
				GCC_NO_COMMON_BLOCKS = YES;
				GCC_OPTIMIZATION_LEVEL = 0;
				GCC_PREPROCESSOR_DEFINITIONS = (
					"DEBUG=1",
					"$(inherited)",
				);
				GCC_WARN_64_TO_32_BIT_CONVERSION = YES;
				GCC_WARN_ABOUT_RETURN_TYPE = YES_ERROR;
				GCC_WARN_UNDECLARED_SELECTOR = YES;
				GCC_WARN_UNINITIALIZED_AUTOS = YES_AGGRESSIVE;
				GCC_WARN_UNUSED_FUNCTION = YES;
				GCC_WARN_UNUSED_VARIABLE = YES;
				LOCALIZATION_PREFERS_STRING_CATALOGS = YES;
				MACOSX_DEPLOYMENT_TARGET = 15.6;
				MTL_ENABLE_DEBUG_INFO = INCLUDE_SOURCE;
				MTL_FAST_MATH = YES;
				ONLY_ACTIVE_ARCH = YES;
				SDKROOT = macosx;
				SWIFT_ACTIVE_COMPILATION_CONDITIONS = "DEBUG $(inherited)";
				SWIFT_OPTIMIZATION_LEVEL = "-Onone";
			};
			name = Debug;
		};
		8A5ECA5A2F0A62600022B6F9 /* Release */ = {
			isa = XCBuildConfiguration;
			buildSettings = {
				ALWAYS_SEARCH_USER_PATHS = NO;
				ASSETCATALOG_COMPILER_GENERATE_SWIFT_ASSET_SYMBOL_EXTENSIONS = YES;
				CLANG_ANALYZER_NONNULL = YES;
				CLANG_ANALYZER_NUMBER_OBJECT_CONVERSION = YES_AGGRESSIVE;
				CLANG_CXX_LANGUAGE_STANDARD = "gnu++20";
				CLANG_ENABLE_MODULES = YES;
				CLANG_ENABLE_OBJC_ARC = YES;
				CLANG_ENABLE_OBJC_WEAK = YES;
				CLANG_WARN_BLOCK_CAPTURE_AUTORELEASING = YES;
				CLANG_WARN_BOOL_CONVERSION = YES;
				CLANG_WARN_COMMA = YES;
				CLANG_WARN_CONSTANT_CONVERSION = YES;
				CLANG_WARN_DEPRECATED_OBJC_IMPLEMENTATIONS = YES;
				CLANG_WARN_DIRECT_OBJC_ISA_USAGE = YES_ERROR;
				CLANG_WARN_DOCUMENTATION_COMMENTS = YES;
				CLANG_WARN_EMPTY_BODY = YES;
				CLANG_WARN_ENUM_CONVERSION = YES;
				CLANG_WARN_INFINITE_RECURSION = YES;
				CLANG_WARN_INT_CONVERSION = YES;
				CLANG_WARN_NON_LITERAL_NULL_CONVERSION = YES;
				CLANG_WARN_OBJC_IMPLICIT_RETAIN_SELF = YES;
				CLANG_WARN_OBJC_LITERAL_CONVERSION = YES;
				CLANG_WARN_OBJC_ROOT_CLASS = YES_ERROR;
				CLANG_WARN_QUOTED_INCLUDE_IN_FRAMEWORK_HEADER = YES;
				CLANG_WARN_RANGE_LOOP_ANALYSIS = YES;
				CLANG_WARN_STRICT_PROTOTYPES = YES;
				CLANG_WARN_SUSPICIOUS_MOVE = YES;
				CLANG_WARN_UNGUARDED_AVAILABILITY = YES_AGGRESSIVE;
				CLANG_WARN_UNREACHABLE_CODE = YES;
				CLANG_WARN__DUPLICATE_METHOD_MATCH = YES;
				COPY_PHASE_STRIP = NO;
				DEBUG_INFORMATION_FORMAT = "dwarf-with-dsym";
				ENABLE_NS_ASSERTIONS = NO;
				ENABLE_STRICT_OBJC_MSGSEND = YES;
				ENABLE_USER_SCRIPT_SANDBOXING = YES;
				GCC_C_LANGUAGE_STANDARD = gnu17;
				GCC_NO_COMMON_BLOCKS = YES;
				GCC_WARN_64_TO_32_BIT_CONVERSION = YES;
				GCC_WARN_ABOUT_RETURN_TYPE = YES_ERROR;
				GCC_WARN_UNDECLARED_SELECTOR = YES;
				GCC_WARN_UNINITIALIZED_AUTOS = YES_AGGRESSIVE;
				GCC_WARN_UNUSED_FUNCTION = YES;
				GCC_WARN_UNUSED_VARIABLE = YES;
				LOCALIZATION_PREFERS_STRING_CATALOGS = YES;
				MACOSX_DEPLOYMENT_TARGET = 15.6;
				MTL_ENABLE_DEBUG_INFO = NO;
				MTL_FAST_MATH = YES;
				SDKROOT = macosx;
				SWIFT_COMPILATION_MODE = wholemodule;
			};
			name = Release;
		};
		8A5ECA5C2F0A62600022B6F9 /* Debug */ = {
			isa = XCBuildConfiguration;
			buildSettings = {
				ASSETCATALOG_COMPILER_APPICON_NAME = AppIcon;
				ASSETCATALOG_COMPILER_GLOBAL_ACCENT_COLOR_NAME = AccentColor;
				CODE_SIGN_STYLE = Automatic;
				COMBINE_HIDPI_IMAGES = YES;
				CURRENT_PROJECT_VERSION = 1;
				ENABLE_APP_SANDBOX = YES;
				ENABLE_PREVIEWS = YES;
				ENABLE_USER_SELECTED_FILES = readonly;
				GENERATE_INFOPLIST_FILE = YES;
				INFOPLIST_KEY_NSHumanReadableCopyright = "";
				LD_RUNPATH_SEARCH_PATHS = (
					"$(inherited)",
					"@executable_path/../Frameworks",
				);
				MARKETING_VERSION = 1.0;
				PRODUCT_BUNDLE_IDENTIFIER = SaniaS.journal;
				PRODUCT_NAME = "$(TARGET_NAME)";
				REGISTER_APP_GROUPS = YES;
				STRING_CATALOG_GENERATE_SYMBOLS = YES;
				SWIFT_APPROACHABLE_CONCURRENCY = YES;
				SWIFT_DEFAULT_ACTOR_ISOLATION = MainActor;
				SWIFT_EMIT_LOC_STRINGS = YES;
				SWIFT_UPCOMING_FEATURE_MEMBER_IMPORT_VISIBILITY = YES;
				SWIFT_VERSION = 5.0;
			};
			name = Debug;
		};
		8A5ECA5D2F0A62600022B6F9 /* Release */ = {
			isa = XCBuildConfiguration;
			buildSettings = {
				ASSETCATALOG_COMPILER_APPICON_NAME = AppIcon;
				ASSETCATALOG_COMPILER_GLOBAL_ACCENT_COLOR_NAME = AccentColor;
				CODE_SIGN_STYLE = Automatic;
				COMBINE_HIDPI_IMAGES = YES;
				CURRENT_PROJECT_VERSION = 1;
				ENABLE_APP_SANDBOX = YES;
				ENABLE_PREVIEWS = YES;
				ENABLE_USER_SELECTED_FILES = readonly;
				GENERATE_INFOPLIST_FILE = YES;
				INFOPLIST_KEY_NSHumanReadableCopyright = "";
				LD_RUNPATH_SEARCH_PATHS = (
					"$(inherited)",
					"@executable_path/../Frameworks",
				);
				MARKETING_VERSION = 1.0;
				PRODUCT_BUNDLE_IDENTIFIER = SaniaS.journal;
				PRODUCT_NAME = "$(TARGET_NAME)";
				REGISTER_APP_GROUPS = YES;
				STRING_CATALOG_GENERATE_SYMBOLS = YES;
				SWIFT_APPROACHABLE_CONCURRENCY = YES;
				SWIFT_DEFAULT_ACTOR_ISOLATION = MainActor;
				SWIFT_EMIT_LOC_STRINGS = YES;
				SWIFT_UPCOMING_FEATURE_MEMBER_IMPORT_VISIBILITY = YES;
				SWIFT_VERSION = 5.0;
			};
			name = Release;
		};
/* End XCBuildConfiguration section */

/* Begin XCConfigurationList section */
		8A5ECA4B2F0A625F0022B6F9 /* Build configuration list for PBXProject "journal" */ = {
			isa = XCConfigurationList;
			buildConfigurations = (
				8A5ECA592F0A62600022B6F9 /* Debug */,
				8A5ECA5A2F0A62600022B6F9 /* Release */,
			);
			defaultConfigurationIsVisible = 0;
			defaultConfigurationName = Release;
		};
		8A5ECA5B2F0A62600022B6F9 /* Build configuration list for PBXNativeTarget "journal" */ = {
			isa = XCConfigurationList;
			buildConfigurations = (
				8A5ECA5C2F0A62600022B6F9 /* Debug */,
				8A5ECA5D2F0A62600022B6F9 /* Release */,
			);
			defaultConfigurationIsVisible = 0;
			defaultConfigurationName = Release;
		};
/* End XCConfigurationList section */
	};
	rootObject = 8A5ECA482F0A625F0022B6F9 /* Project object */;
}
